// !$*UTF8*$!
{
	archiveVersion = 1;
	classes = {
	};
	objectVersion = 55;
	objects = {

/* Begin PBXBuildFile section */
		BBB62A43274D04BC00BF4540 /* ConsolesManager.swift in Sources */ = {isa = PBXBuildFile; fileRef = BBB62A42274D04BC00BF4540 /* ConsolesManager.swift */; };
		BBDBD7DD274BD593008BD19F /* AppDelegate.swift in Sources */ = {isa = PBXBuildFile; fileRef = BBDBD7DC274BD593008BD19F /* AppDelegate.swift */; };
		BBDBD7DF274BD593008BD19F /* SceneDelegate.swift in Sources */ = {isa = PBXBuildFile; fileRef = BBDBD7DE274BD593008BD19F /* SceneDelegate.swift */; };
		BBDBD7E1274BD593008BD19F /* ViewController.swift in Sources */ = {isa = PBXBuildFile; fileRef = BBDBD7E0274BD593008BD19F /* ViewController.swift */; };
		BBDBD7E4274BD593008BD19F /* Main.storyboard in Resources */ = {isa = PBXBuildFile; fileRef = BBDBD7E2274BD593008BD19F /* Main.storyboard */; };
		BBDBD7E7274BD593008BD19F /* MyGames.xcdatamodeld in Sources */ = {isa = PBXBuildFile; fileRef = BBDBD7E5274BD593008BD19F /* MyGames.xcdatamodeld */; };
		BBDBD7E9274BD596008BD19F /* Assets.xcassets in Resources */ = {isa = PBXBuildFile; fileRef = BBDBD7E8274BD596008BD19F /* Assets.xcassets */; };
		BBDBD7EC274BD596008BD19F /* LaunchScreen.storyboard in Resources */ = {isa = PBXBuildFile; fileRef = BBDBD7EA274BD596008BD19F /* LaunchScreen.storyboard */; };
		BBDBD7F4274BEC57008BD19F /* GamesTableViewController.swift in Sources */ = {isa = PBXBuildFile; fileRef = BBDBD7F3274BEC57008BD19F /* GamesTableViewController.swift */; };
		BBDBD7F6274BEC99008BD19F /* ConsolesTableViewController.swift in Sources */ = {isa = PBXBuildFile; fileRef = BBDBD7F5274BEC99008BD19F /* ConsolesTableViewController.swift */; };
		BBDBD7F8274BECD7008BD19F /* GameViewController.swift in Sources */ = {isa = PBXBuildFile; fileRef = BBDBD7F7274BECD7008BD19F /* GameViewController.swift */; };
		BBDBD7FA274BECFF008BD19F /* AddEditViewController.swift in Sources */ = {isa = PBXBuildFile; fileRef = BBDBD7F9274BECFF008BD19F /* AddEditViewController.swift */; };
		BBDBD7FC274BEDBE008BD19F /* GameTableViewCell.swift in Sources */ = {isa = PBXBuildFile; fileRef = BBDBD7FB274BEDBE008BD19F /* GameTableViewCell.swift */; };
		BBDBD7FE274BFB2E008BD19F /* ViewController+CoreDate.swift in Sources */ = {isa = PBXBuildFile; fileRef = BBDBD7FD274BFB2E008BD19F /* ViewController+CoreDate.swift */; };
/* End PBXBuildFile section */

/* Begin PBXFileReference section */
		BBB62A42274D04BC00BF4540 /* ConsolesManager.swift */ = {isa = PBXFileReference; lastKnownFileType = sourcecode.swift; path = ConsolesManager.swift; sourceTree = "<group>"; };
		BBDBD7D9274BD593008BD19F /* MyGames.app */ = {isa = PBXFileReference; explicitFileType = wrapper.application; includeInIndex = 0; path = MyGames.app; sourceTree = BUILT_PRODUCTS_DIR; };
		BBDBD7DC274BD593008BD19F /* AppDelegate.swift */ = {isa = PBXFileReference; lastKnownFileType = sourcecode.swift; path = AppDelegate.swift; sourceTree = "<group>"; };
		BBDBD7DE274BD593008BD19F /* SceneDelegate.swift */ = {isa = PBXFileReference; lastKnownFileType = sourcecode.swift; path = SceneDelegate.swift; sourceTree = "<group>"; };
		BBDBD7E0274BD593008BD19F /* ViewController.swift */ = {isa = PBXFileReference; lastKnownFileType = sourcecode.swift; path = ViewController.swift; sourceTree = "<group>"; };
		BBDBD7E3274BD593008BD19F /* Base */ = {isa = PBXFileReference; lastKnownFileType = file.storyboard; name = Base; path = Base.lproj/Main.storyboard; sourceTree = "<group>"; };
		BBDBD7E6274BD593008BD19F /* MyGames.xcdatamodel */ = {isa = PBXFileReference; lastKnownFileType = wrapper.xcdatamodel; path = MyGames.xcdatamodel; sourceTree = "<group>"; };
		BBDBD7E8274BD596008BD19F /* Assets.xcassets */ = {isa = PBXFileReference; lastKnownFileType = folder.assetcatalog; path = Assets.xcassets; sourceTree = "<group>"; };
		BBDBD7EB274BD596008BD19F /* Base */ = {isa = PBXFileReference; lastKnownFileType = file.storyboard; name = Base; path = Base.lproj/LaunchScreen.storyboard; sourceTree = "<group>"; };
		BBDBD7ED274BD596008BD19F /* Info.plist */ = {isa = PBXFileReference; lastKnownFileType = text.plist.xml; path = Info.plist; sourceTree = "<group>"; };
		BBDBD7F3274BEC57008BD19F /* GamesTableViewController.swift */ = {isa = PBXFileReference; lastKnownFileType = sourcecode.swift; path = GamesTableViewController.swift; sourceTree = "<group>"; };
		BBDBD7F5274BEC99008BD19F /* ConsolesTableViewController.swift */ = {isa = PBXFileReference; lastKnownFileType = sourcecode.swift; path = ConsolesTableViewController.swift; sourceTree = "<group>"; };
		BBDBD7F7274BECD7008BD19F /* GameViewController.swift */ = {isa = PBXFileReference; lastKnownFileType = sourcecode.swift; path = GameViewController.swift; sourceTree = "<group>"; };
		BBDBD7F9274BECFF008BD19F /* AddEditViewController.swift */ = {isa = PBXFileReference; lastKnownFileType = sourcecode.swift; path = AddEditViewController.swift; sourceTree = "<group>"; };
		BBDBD7FB274BEDBE008BD19F /* GameTableViewCell.swift */ = {isa = PBXFileReference; lastKnownFileType = sourcecode.swift; path = GameTableViewCell.swift; sourceTree = "<group>"; };
		BBDBD7FD274BFB2E008BD19F /* ViewController+CoreDate.swift */ = {isa = PBXFileReference; lastKnownFileType = sourcecode.swift; path = "ViewController+CoreDate.swift"; sourceTree = "<group>"; };
/* End PBXFileReference section */

/* Begin PBXFrameworksBuildPhase section */
		BBDBD7D6274BD593008BD19F /* Frameworks */ = {
			isa = PBXFrameworksBuildPhase;
			buildActionMask = 2147483647;
			files = (
			);
			runOnlyForDeploymentPostprocessing = 0;
		};
/* End PBXFrameworksBuildPhase section */

/* Begin PBXGroup section */
		BBDBD7D0274BD593008BD19F = {
			isa = PBXGroup;
			children = (
				BBDBD7DB274BD593008BD19F /* MyGames */,
				BBDBD7DA274BD593008BD19F /* Products */,
			);
			sourceTree = "<group>";
		};
		BBDBD7DA274BD593008BD19F /* Products */ = {
			isa = PBXGroup;
			children = (
				BBDBD7D9274BD593008BD19F /* MyGames.app */,
			);
			name = Products;
			sourceTree = "<group>";
		};
		BBDBD7DB274BD593008BD19F /* MyGames */ = {
			isa = PBXGroup;
			children = (
				BBDBD7DC274BD593008BD19F /* AppDelegate.swift */,
				BBDBD7DE274BD593008BD19F /* SceneDelegate.swift */,
				BBDBD7E0274BD593008BD19F /* ViewController.swift */,
				BBDBD7E2274BD593008BD19F /* Main.storyboard */,
				BBDBD7FB274BEDBE008BD19F /* GameTableViewCell.swift */,
				BBDBD7F9274BECFF008BD19F /* AddEditViewController.swift */,
				BBDBD7FD274BFB2E008BD19F /* ViewController+CoreDate.swift */,
				BBDBD7F7274BECD7008BD19F /* GameViewController.swift */,
				BBDBD7F5274BEC99008BD19F /* ConsolesTableViewController.swift */,
				BBB62A42274D04BC00BF4540 /* ConsolesManager.swift */,
				BBDBD7F3274BEC57008BD19F /* GamesTableViewController.swift */,
				BBDBD7E8274BD596008BD19F /* Assets.xcassets */,
				BBDBD7EA274BD596008BD19F /* LaunchScreen.storyboard */,
				BBDBD7ED274BD596008BD19F /* Info.plist */,
				BBDBD7E5274BD593008BD19F /* MyGames.xcdatamodeld */,
			);
			path = MyGames;
			sourceTree = "<group>";
		};
/* End PBXGroup section */

/* Begin PBXNativeTarget section */
		BBDBD7D8274BD593008BD19F /* MyGames */ = {
			isa = PBXNativeTarget;
			buildConfigurationList = BBDBD7F0274BD596008BD19F /* Build configuration list for PBXNativeTarget "MyGames" */;
			buildPhases = (
				BBDBD7D5274BD593008BD19F /* Sources */,
				BBDBD7D6274BD593008BD19F /* Frameworks */,
				BBDBD7D7274BD593008BD19F /* Resources */,
			);
			buildRules = (
			);
			dependencies = (
			);
			name = MyGames;
			productName = MyGames;
			productReference = BBDBD7D9274BD593008BD19F /* MyGames.app */;
			productType = "com.apple.product-type.application";
		};
/* End PBXNativeTarget section */

/* Begin PBXProject section */
		BBDBD7D1274BD593008BD19F /* Project object */ = {
			isa = PBXProject;
			attributes = {
				BuildIndependentTargetsInParallel = 1;
				LastSwiftUpdateCheck = 1310;
				LastUpgradeCheck = 1310;
				TargetAttributes = {
					BBDBD7D8274BD593008BD19F = {
						CreatedOnToolsVersion = 13.1;
					};
				};
			};
			buildConfigurationList = BBDBD7D4274BD593008BD19F /* Build configuration list for PBXProject "MyGames" */;
			compatibilityVersion = "Xcode 13.0";
			developmentRegion = en;
			hasScannedForEncodings = 0;
			knownRegions = (
				en,
				Base,
			);
			mainGroup = BBDBD7D0274BD593008BD19F;
			productRefGroup = BBDBD7DA274BD593008BD19F /* Products */;
			projectDirPath = "";
			projectRoot = "";
			targets = (
				BBDBD7D8274BD593008BD19F /* MyGames */,
			);
		};
/* End PBXProject section */

/* Begin PBXResourcesBuildPhase section */
		BBDBD7D7274BD593008BD19F /* Resources */ = {
			isa = PBXResourcesBuildPhase;
			buildActionMask = 2147483647;
			files = (
				BBDBD7EC274BD596008BD19F /* LaunchScreen.storyboard in Resources */,
				BBDBD7E9274BD596008BD19F /* Assets.xcassets in Resources */,
				BBDBD7E4274BD593008BD19F /* Main.storyboard in Resources */,
			);
			runOnlyForDeploymentPostprocessing = 0;
		};
/* End PBXResourcesBuildPhase section */

/* Begin PBXSourcesBuildPhase section */
		BBDBD7D5274BD593008BD19F /* Sources */ = {
			isa = PBXSourcesBuildPhase;
			buildActionMask = 2147483647;
			files = (
				BBDBD7F8274BECD7008BD19F /* GameViewController.swift in Sources */,
				BBDBD7E1274BD593008BD19F /* ViewController.swift in Sources */,
				BBDBD7FC274BEDBE008BD19F /* GameTableViewCell.swift in Sources */,
				BBDBD7DD274BD593008BD19F /* AppDelegate.swift in Sources */,
				BBDBD7DF274BD593008BD19F /* SceneDelegate.swift in Sources */,
				BBDBD7FE274BFB2E008BD19F /* ViewController+CoreDate.swift in Sources */,
				BBDBD7FA274BECFF008BD19F /* AddEditViewController.swift in Sources */,
				BBDBD7F6274BEC99008BD19F /* ConsolesTableViewController.swift in Sources */,
				BBB62A43274D04BC00BF4540 /* ConsolesManager.swift in Sources */,
				BBDBD7F4274BEC57008BD19F /* GamesTableViewController.swift in Sources */,
				BBDBD7E7274BD593008BD19F /* MyGames.xcdatamodeld in Sources */,
			);
			runOnlyForDeploymentPostprocessing = 0;
		};
/* End PBXSourcesBuildPhase section */

/* Begin PBXVariantGroup section */
		BBDBD7E2274BD593008BD19F /* Main.storyboard */ = {
			isa = PBXVariantGroup;
			children = (
				BBDBD7E3274BD593008BD19F /* Base */,
			);
			name = Main.storyboard;
			sourceTree = "<group>";
		};
		BBDBD7EA274BD596008BD19F /* LaunchScreen.storyboard */ = {
			isa = PBXVariantGroup;
			children = (
				BBDBD7EB274BD596008BD19F /* Base */,
			);
			name = LaunchScreen.storyboard;
			sourceTree = "<group>";
		};
/* End PBXVariantGroup section */

/* Begin XCBuildConfiguration section */
		BBDBD7EE274BD596008BD19F /* Debug */ = {
			isa = XCBuildConfiguration;
			buildSettings = {
				ALWAYS_SEARCH_USER_PATHS = NO;
				CLANG_ANALYZER_NONNULL = YES;
				CLANG_ANALYZER_NUMBER_OBJECT_CONVERSION = YES_AGGRESSIVE;
				CLANG_CXX_LANGUAGE_STANDARD = "gnu++17";
				CLANG_CXX_LIBRARY = "libc++";
				CLANG_ENABLE_MODULES = YES;
				CLANG_ENABLE_OBJC_ARC = YES;
				CLANG_ENABLE_OBJC_WEAK = YES;
				CLANG_WARN_BLOCK_CAPTURE_AUTORELEASING = YES;
				CLANG_WARN_BOOL_CONVERSION = YES;
				CLANG_WARN_COMMA = YES;
				CLANG_WARN_CONSTANT_CONVERSION = YES;
				CLANG_WARN_DEPRECATED_OBJC_IMPLEMENTATIONS = YES;
				CLANG_WARN_DIRECT_OBJC_ISA_USAGE = YES_ERROR;
				CLANG_WARN_DOCUMENTATION_COMMENTS = YES;
				CLANG_WARN_EMPTY_BODY = YES;
				CLANG_WARN_ENUM_CONVERSION = YES;
				CLANG_WARN_INFINITE_RECURSION = YES;
				CLANG_WARN_INT_CONVERSION = YES;
				CLANG_WARN_NON_LITERAL_NULL_CONVERSION = YES;
				CLANG_WARN_OBJC_IMPLICIT_RETAIN_SELF = YES;
				CLANG_WARN_OBJC_LITERAL_CONVERSION = YES;
				CLANG_WARN_OBJC_ROOT_CLASS = YES_ERROR;
				CLANG_WARN_QUOTED_INCLUDE_IN_FRAMEWORK_HEADER = YES;
				CLANG_WARN_RANGE_LOOP_ANALYSIS = YES;
				CLANG_WARN_STRICT_PROTOTYPES = YES;
				CLANG_WARN_SUSPICIOUS_MOVE = YES;
				CLANG_WARN_UNGUARDED_AVAILABILITY = YES_AGGRESSIVE;
				CLANG_WARN_UNREACHABLE_CODE = YES;
				CLANG_WARN__DUPLICATE_METHOD_MATCH = YES;
				COPY_PHASE_STRIP = NO;
				DEBUG_INFORMATION_FORMAT = dwarf;
				ENABLE_STRICT_OBJC_MSGSEND = YES;
				ENABLE_TESTABILITY = YES;
				GCC_C_LANGUAGE_STANDARD = gnu11;
				GCC_DYNAMIC_NO_PIC = NO;
				GCC_NO_COMMON_BLOCKS = YES;
				GCC_OPTIMIZATION_LEVEL = 0;
				GCC_PREPROCESSOR_DEFINITIONS = (
					"DEBUG=1",
					"$(inherited)",
				);
				GCC_WARN_64_TO_32_BIT_CONVERSION = YES;
				GCC_WARN_ABOUT_RETURN_TYPE = YES_ERROR;
				GCC_WARN_UNDECLARED_SELECTOR = YES;
				GCC_WARN_UNINITIALIZED_AUTOS = YES_AGGRESSIVE;
				GCC_WARN_UNUSED_FUNCTION = YES;
				GCC_WARN_UNUSED_VARIABLE = YES;
				IPHONEOS_DEPLOYMENT_TARGET = 15.0;
				MTL_ENABLE_DEBUG_INFO = INCLUDE_SOURCE;
				MTL_FAST_MATH = YES;
				ONLY_ACTIVE_ARCH = YES;
				SDKROOT = iphoneos;
				SWIFT_ACTIVE_COMPILATION_CONDITIONS = DEBUG;
				SWIFT_OPTIMIZATION_LEVEL = "-Onone";
			};
			name = Debug;
		};
		BBDBD7EF274BD596008BD19F /* Release */ = {
			isa = XCBuildConfiguration;
			buildSettings = {
				ALWAYS_SEARCH_USER_PATHS = NO;
				CLANG_ANALYZER_NONNULL = YES;
				CLANG_ANALYZER_NUMBER_OBJECT_CONVERSION = YES_AGGRESSIVE;
				CLANG_CXX_LANGUAGE_STANDARD = "gnu++17";
				CLANG_CXX_LIBRARY = "libc++";
				CLANG_ENABLE_MODULES = YES;
				CLANG_ENABLE_OBJC_ARC = YES;
				CLANG_ENABLE_OBJC_WEAK = YES;
				CLANG_WARN_BLOCK_CAPTURE_AUTORELEASING = YES;
				CLANG_WARN_BOOL_CONVERSION = YES;
				CLANG_WARN_COMMA = YES;
				CLANG_WARN_CONSTANT_CONVERSION = YES;
				CLANG_WARN_DEPRECATED_OBJC_IMPLEMENTATIONS = YES;
				CLANG_WARN_DIRECT_OBJC_ISA_USAGE = YES_ERROR;
				CLANG_WARN_DOCUMENTATION_COMMENTS = YES;
				CLANG_WARN_EMPTY_BODY = YES;
				CLANG_WARN_ENUM_CONVERSION = YES;
				CLANG_WARN_INFINITE_RECURSION = YES;
				CLANG_WARN_INT_CONVERSION = YES;
				CLANG_WARN_NON_LITERAL_NULL_CONVERSION = YES;
				CLANG_WARN_OBJC_IMPLICIT_RETAIN_SELF = YES;
				CLANG_WARN_OBJC_LITERAL_CONVERSION = YES;
				CLANG_WARN_OBJC_ROOT_CLASS = YES_ERROR;
				CLANG_WARN_QUOTED_INCLUDE_IN_FRAMEWORK_HEADER = YES;
				CLANG_WARN_RANGE_LOOP_ANALYSIS = YES;
				CLANG_WARN_STRICT_PROTOTYPES = YES;
				CLANG_WARN_SUSPICIOUS_MOVE = YES;
				CLANG_WARN_UNGUARDED_AVAILABILITY = YES_AGGRESSIVE;
				CLANG_WARN_UNREACHABLE_CODE = YES;
				CLANG_WARN__DUPLICATE_METHOD_MATCH = YES;
				COPY_PHASE_STRIP = NO;
				DEBUG_INFORMATION_FORMAT = "dwarf-with-dsym";
				ENABLE_NS_ASSERTIONS = NO;
				ENABLE_STRICT_OBJC_MSGSEND = YES;
				GCC_C_LANGUAGE_STANDARD = gnu11;
				GCC_NO_COMMON_BLOCKS = YES;
				GCC_WARN_64_TO_32_BIT_CONVERSION = YES;
				GCC_WARN_ABOUT_RETURN_TYPE = YES_ERROR;
				GCC_WARN_UNDECLARED_SELECTOR = YES;
				GCC_WARN_UNINITIALIZED_AUTOS = YES_AGGRESSIVE;
				GCC_WARN_UNUSED_FUNCTION = YES;
				GCC_WARN_UNUSED_VARIABLE = YES;
				IPHONEOS_DEPLOYMENT_TARGET = 15.0;
				MTL_ENABLE_DEBUG_INFO = NO;
				MTL_FAST_MATH = YES;
				SDKROOT = iphoneos;
				SWIFT_COMPILATION_MODE = wholemodule;
				SWIFT_OPTIMIZATION_LEVEL = "-O";
				VALIDATE_PRODUCT = YES;
			};
			name = Release;
		};
		BBDBD7F1274BD596008BD19F /* Debug */ = {
			isa = XCBuildConfiguration;
			buildSettings = {
				ASSETCATALOG_COMPILER_APPICON_NAME = AppIcon;
				ASSETCATALOG_COMPILER_GLOBAL_ACCENT_COLOR_NAME = AccentColor;
				CODE_SIGN_STYLE = Automatic;
				CURRENT_PROJECT_VERSION = 1;
				GENERATE_INFOPLIST_FILE = YES;
				INFOPLIST_FILE = MyGames/Info.plist;
				INFOPLIST_KEY_UIApplicationSupportsIndirectInputEvents = YES;
				INFOPLIST_KEY_UILaunchStoryboardName = LaunchScreen;
				INFOPLIST_KEY_UIMainStoryboardFile = Main;
				INFOPLIST_KEY_UISupportedInterfaceOrientations = UIInterfaceOrientationPortrait;
				INFOPLIST_KEY_UISupportedInterfaceOrientations_iPad = "UIInterfaceOrientationPortrait UIInterfaceOrientationPortraitUpsideDown UIInterfaceOrientationLandscapeLeft UIInterfaceOrientationLandscapeRight";
				INFOPLIST_KEY_UISupportedInterfaceOrientations_iPhone = "UIInterfaceOrientationPortrait UIInterfaceOrientationLandscapeLeft UIInterfaceOrientationLandscapeRight";
				LD_RUNPATH_SEARCH_PATHS = (
					"$(inherited)",
					"@executable_path/Frameworks",
				);
				MARKETING_VERSION = 1.0;
				PRODUCT_BUNDLE_IDENTIFIER = "Gustavo-Rosa.MyGames";
				PRODUCT_NAME = "$(TARGET_NAME)";
				SWIFT_EMIT_LOC_STRINGS = YES;
				SWIFT_VERSION = 5.0;
				TARGETED_DEVICE_FAMILY = 1;
			};
			name = Debug;
		};
		BBDBD7F2274BD596008BD19F /* Release */ = {
			isa = XCBuildConfiguration;
			buildSettings = {
				ASSETCATALOG_COMPILER_APPICON_NAME = AppIcon;
				ASSETCATALOG_COMPILER_GLOBAL_ACCENT_COLOR_NAME = AccentColor;
				CODE_SIGN_STYLE = Automatic;
				CURRENT_PROJECT_VERSION = 1;
				GENERATE_INFOPLIST_FILE = YES;
				INFOPLIST_FILE = MyGames/Info.plist;
				INFOPLIST_KEY_UIApplicationSupportsIndirectInputEvents = YES;
				INFOPLIST_KEY_UILaunchStoryboardName = LaunchScreen;
				INFOPLIST_KEY_UIMainStoryboardFile = Main;
				INFOPLIST_KEY_UISupportedInterfaceOrientations = UIInterfaceOrientationPortrait;
				INFOPLIST_KEY_UISupportedInterfaceOrientations_iPad = "UIInterfaceOrientationPortrait UIInterfaceOrientationPortraitUpsideDown UIInterfaceOrientationLandscapeLeft UIInterfaceOrientationLandscapeRight";
				INFOPLIST_KEY_UISupportedInterfaceOrientations_iPhone = "UIInterfaceOrientationPortrait UIInterfaceOrientationLandscapeLeft UIInterfaceOrientationLandscapeRight";
				LD_RUNPATH_SEARCH_PATHS = (
					"$(inherited)",
					"@executable_path/Frameworks",
				);
				MARKETING_VERSION = 1.0;
				PRODUCT_BUNDLE_IDENTIFIER = "Gustavo-Rosa.MyGames";
				PRODUCT_NAME = "$(TARGET_NAME)";
				SWIFT_EMIT_LOC_STRINGS = YES;
				SWIFT_VERSION = 5.0;
				TARGETED_DEVICE_FAMILY = 1;
			};
			name = Release;
		};
/* End XCBuildConfiguration section */

/* Begin XCConfigurationList section */
		BBDBD7D4274BD593008BD19F /* Build configuration list for PBXProject "MyGames" */ = {
			isa = XCConfigurationList;
			buildConfigurations = (
				BBDBD7EE274BD596008BD19F /* Debug */,
				BBDBD7EF274BD596008BD19F /* Release */,
			);
			defaultConfigurationIsVisible = 0;
			defaultConfigurationName = Release;
		};
		BBDBD7F0274BD596008BD19F /* Build configuration list for PBXNativeTarget "MyGames" */ = {
			isa = XCConfigurationList;
			buildConfigurations = (
				BBDBD7F1274BD596008BD19F /* Debug */,
				BBDBD7F2274BD596008BD19F /* Release */,
			);
			defaultConfigurationIsVisible = 0;
			defaultConfigurationName = Release;
		};
/* End XCConfigurationList section */

/* Begin XCVersionGroup section */
		BBDBD7E5274BD593008BD19F /* MyGames.xcdatamodeld */ = {
			isa = XCVersionGroup;
			children = (
				BBDBD7E6274BD593008BD19F /* MyGames.xcdatamodel */,
			);
			currentVersion = BBDBD7E6274BD593008BD19F /* MyGames.xcdatamodel */;
			path = MyGames.xcdatamodeld;
			sourceTree = "<group>";
			versionGroupType = wrapper.xcdatamodel;
		};
/* End XCVersionGroup section */
	};
	rootObject = BBDBD7D1274BD593008BD19F /* Project object */;
}
